
Microsoft Visual Studio Solution File, Format Version 12.00
# Visual Studio Version 17
VisualStudioVersion = 17.4.32804.182
MinimumVisualStudioVersion = 10.0.40219.1
Project("{FAE04EC0-301F-11D3-BF4B-00C04F79EFBC}") = "phongKham", "phongKham\phongKham.csproj", "{90E4975A-B423-4FA9-AD95-13928C6208EF}"
EndProject
Global
	GlobalSection(SolutionConfigurationPlatforms) = preSolution
		Debug|Any CPU = Debug|Any CPU
		Release|Any CPU = Release|Any CPU
	EndGlobalSection
	GlobalSection(ProjectConfigurationPlatforms) = postSolution
		{90E4975A-B423-4FA9-AD95-13928C6208EF}.Debug|Any CPU.ActiveCfg = Debug|Any CPU
		{90E4975A-B423-4FA9-AD95-13928C6208EF}.Debug|Any CPU.Build.0 = Debug|Any CPU
		{90E4975A-B423-4FA9-AD95-13928C6208EF}.Release|Any CPU.ActiveCfg = Release|Any CPU
		{90E4975A-B423-4FA9-AD95-13928C6208EF}.Release|Any CPU.Build.0 = Release|Any CPU
	EndGlobalSection
	GlobalSection(SolutionProperties) = preSolution
		HideSolutionNode = FALSE
	EndGlobalSection
	GlobalSection(ExtensibilityGlobals) = postSolution
		SolutionGuid = {634B544F-37F2-4A39-9767-65F3358DB5B7}
	EndGlobalSection
EndGlobal
